
Microsoft Visual Studio Solution File, Format Version 12.00
# Visual Studio Version 17
VisualStudioVersion = 17.5.002.0
MinimumVisualStudioVersion = 10.0.40219.1
Project("{9A19103F-16F7-4668-BE54-9A1E7A4F7556}") = "sample", "sample.csproj", "{5DC54B49-67BE-4B99-B325-83044C4B84AF}"
EndProject
Global
	GlobalSection(SolutionConfigurationPlatforms) = preSolution
		Debug|Any CPU = Debug|Any CPU
		Release|Any CPU = Release|Any CPU
	EndGlobalSection
	GlobalSection(ProjectConfigurationPlatforms) = postSolution
		{5DC54B49-67BE-4B99-B325-83044C4B84AF}.Debug|Any CPU.ActiveCfg = Debug|Any CPU
		{5DC54B49-67BE-4B99-B325-83044C4B84AF}.Debug|Any CPU.Build.0 = Debug|Any CPU
		{5DC54B49-67BE-4B99-B325-83044C4B84AF}.Release|Any CPU.ActiveCfg = Release|Any CPU
		{5DC54B49-67BE-4B99-B325-83044C4B84AF}.Release|Any CPU.Build.0 = Release|Any CPU
	EndGlobalSection
	GlobalSection(SolutionProperties) = preSolution
		HideSolutionNode = FALSE
	EndGlobalSection
	GlobalSection(ExtensibilityGlobals) = postSolution
		SolutionGuid = {C4830DB2-F6C0-43EF-AF2B-F58B2E738B61}
	EndGlobalSection
EndGlobal
